PODS:
  - FlutterMacOS (1.0.0)
  - local_peer_connections (0.1.0):
    - FlutterMacOS

DEPENDENCIES:
  - FlutterMacOS (from `Flutter/ephemeral`)
  - local_peer_connections (from `Flutter/ephemeral/.symlinks/plugins/local_peer_connections/macos`)

EXTERNAL SOURCES:
  FlutterMacOS:
    :path: Flutter/ephemeral
  local_peer_connections:
    :path: Flutter/ephemeral/.symlinks/plugins/local_peer_connections/macos

SPEC CHECKSUMS:
  FlutterMacOS: c232990155153907050900a2e175c7773903ba4e
  local_peer_connections: 00628ed34b1f1bf4230bb4974d3680067b4d6b5b

PODFILE CHECKSUM: 1e95c36afbfd1cb6423ceca4de7a8e1b256fb6ac

COCOAPODS: 1.16.2
